Microsoft Visual Studio Solution File, Format Version 12.00
# Visual Studio Version 16
VisualStudioVersion = 16.0.28315.86
MinimumVisualStudioVersion = 10.0.40219.1
Project("{8BC9CEB8-8B4A-11D0-8D11-00A0C91BC942}") = "InjectorCLI", "InjectorCLI\InjectorCLI.vcxproj", "{92C90AAD-036E-474D-902C-CFD1E7422899}"
	ProjectSection(ProjectDependencies) = postProject
		{E468DA07-48EA-40EB-A845-FA69C39D3396} = {E468DA07-48EA-40EB-A845-FA69C39D3396}
	EndProjectSection
EndProject
Project("{8BC9CEB8-8B4A-11D0-8D11-00A0C91BC942}") = "HookLibrary", "HookLibrary\HookLibrary.vcxproj", "{C36C2313-72A8-4583-B7D8-28E193D5287F}"
	ProjectSection(ProjectDependencies) = postProject
		{E468DA07-48EA-40EB-A845-FA69C39D3396} = {E468DA07-48EA-40EB-A845-FA69C39D3396}
	EndProjectSection
EndProject
Project("{8BC9CEB8-8B4A-11D0-8D11-00A0C91BC942}") = "ScyllaHideTEPlugin", "ScyllaHideTEPlugin\ScyllaHideTEPlugin.vcxproj", "{0520906F-4296-4BEC-BD5F-B370E1F7800A}"
	ProjectSection(ProjectDependencies) = postProject
		{E468DA07-48EA-40EB-A845-FA69C39D3396} = {E468DA07-48EA-40EB-A845-FA69C39D3396}
	EndProjectSection
EndProject
Project("{8BC9CEB8-8B4A-11D0-8D11-00A0C91BC942}") = "ScyllaHideOlly1Plugin", "ScyllaHideOlly1Plugin\ScyllaHideOlly1Plugin.vcxproj", "{79774D44-ED2A-4FD2-9224-40AF0A590410}"
	ProjectSection(ProjectDependencies) = postProject
		{E468DA07-48EA-40EB-A845-FA69C39D3396} = {E468DA07-48EA-40EB-A845-FA69C39D3396}
	EndProjectSection
EndProject
Project("{8BC9CEB8-8B4A-11D0-8D11-00A0C91BC942}") = "ScyllaHideOlly2Plugin", "ScyllaHideOlly2Plugin\ScyllaHideOlly2Plugin.vcxproj", "{9EEA6D78-4E74-47B9-8746-B8754B15525D}"
	ProjectSection(ProjectDependencies) = postProject
		{E468DA07-48EA-40EB-A845-FA69C39D3396} = {E468DA07-48EA-40EB-A845-FA69C39D3396}
	EndProjectSection
EndProject
Project("{8BC9CEB8-8B4A-11D0-8D11-00A0C91BC942}") = "ScyllaHideIDAProPlugin", "ScyllaHideIDAProPlugin\ScyllaHideIDAProPlugin.vcxproj", "{A94B6222-ABEF-41A0-BE48-06801157AAA5}"
	ProjectSection(ProjectDependencies) = postProject
		{E468DA07-48EA-40EB-A845-FA69C39D3396} = {E468DA07-48EA-40EB-A845-FA69C39D3396}
	EndProjectSection
EndProject
Project("{8BC9CEB8-8B4A-11D0-8D11-00A0C91BC942}") = "ScyllaHideIDAServer", "ScyllaHideIDAServer\ScyllaHideIDAServer.vcxproj", "{4506D672-19C3-439B-8E1B-F1BA8BE28844}"
	ProjectSection(ProjectDependencies) = postProject
		{E468DA07-48EA-40EB-A845-FA69C39D3396} = {E468DA07-48EA-40EB-A845-FA69C39D3396}
	EndProjectSection
EndProject
Project("{8BC9CEB8-8B4A-11D0-8D11-00A0C91BC942}") = "ScyllaHideX64DBGPlugin", "ScyllaHideX64DBGPlugin\ScyllaHideX64DBGPlugin.vcxproj", "{B00C9DA1-867E-4438-9C6E-1B53AE0506B7}"
	ProjectSection(ProjectDependencies) = postProject
		{E468DA07-48EA-40EB-A845-FA69C39D3396} = {E468DA07-48EA-40EB-A845-FA69C39D3396}
	EndProjectSection
EndProject
Project("{8BC9CEB8-8B4A-11D0-8D11-00A0C91BC942}") = "ScyllaHideGenericPlugin", "ScyllaHideGenericPlugin\ScyllaHideGenericPlugin.vcxproj", "{C2B5EC30-CF03-4963-B963-7576E9F1D01E}"
	ProjectSection(ProjectDependencies) = postProject
		{E468DA07-48EA-40EB-A845-FA69C39D3396} = {E468DA07-48EA-40EB-A845-FA69C39D3396}
	EndProjectSection
EndProject
Project("{8BC9CEB8-8B4A-11D0-8D11-00A0C91BC942}") = "distorm", "3rdparty\distorm\distorm.vcxproj", "{920BBB4D-C715-4CD4-9129-FF2CF941495D}"
EndProject
Project("{8BC9CEB8-8B4A-11D0-8D11-00A0C91BC942}") = "Scylla", "Scylla\Scylla.vcxproj", "{E468DA07-48EA-40EB-A845-FA69C39D3396}"
	ProjectSection(ProjectDependencies) = postProject
		{920BBB4D-C715-4CD4-9129-FF2CF941495D} = {920BBB4D-C715-4CD4-9129-FF2CF941495D}
		{4CEF9C8E-91C8-4148-94B1-AF2A3B597762} = {4CEF9C8E-91C8-4148-94B1-AF2A3B597762}
	EndProjectSection
EndProject
Project("{8BC9CEB8-8B4A-11D0-8D11-00A0C91BC942}") = "ScyllaTest", "ScyllaTest\ScyllaTest.vcxproj", "{5EEACDD3-61B9-4E6A-BB47-5F37C03973C3}"
	ProjectSection(ProjectDependencies) = postProject
		{E468DA07-48EA-40EB-A845-FA69C39D3396} = {E468DA07-48EA-40EB-A845-FA69C39D3396}
	EndProjectSection
EndProject
Project("{8BC9CEB8-8B4A-11D0-8D11-00A0C91BC942}") = "SCMRevGen", "SCMRevGen\SCMRevGen.vcxproj", "{4CEF9C8E-91C8-4148-94B1-AF2A3B597762}"
EndProject
Global
	GlobalSection(SolutionConfigurationPlatforms) = preSolution
		Debug|Win32 = Debug|Win32
		Debug|x64 = Debug|x64
		Release|Win32 = Release|Win32
		Release|x64 = Release|x64
	EndGlobalSection
	GlobalSection(ProjectConfigurationPlatforms) = postSolution
		{92C90AAD-036E-474D-902C-CFD1E7422899}.Debug|Win32.ActiveCfg = Debug|Win32
		{92C90AAD-036E-474D-902C-CFD1E7422899}.Debug|Win32.Build.0 = Debug|Win32
		{92C90AAD-036E-474D-902C-CFD1E7422899}.Debug|x64.ActiveCfg = Debug|x64
		{92C90AAD-036E-474D-902C-CFD1E7422899}.Debug|x64.Build.0 = Debug|x64
		{92C90AAD-036E-474D-902C-CFD1E7422899}.Release|Win32.ActiveCfg = Release|Win32
		{92C90AAD-036E-474D-902C-CFD1E7422899}.Release|Win32.Build.0 = Release|Win32
		{92C90AAD-036E-474D-902C-CFD1E7422899}.Release|x64.ActiveCfg = Release|x64
		{92C90AAD-036E-474D-902C-CFD1E7422899}.Release|x64.Build.0 = Release|x64
		{C36C2313-72A8-4583-B7D8-28E193D5287F}.Debug|Win32.ActiveCfg = Debug|Win32
		{C36C2313-72A8-4583-B7D8-28E193D5287F}.Debug|Win32.Build.0 = Debug|Win32
		{C36C2313-72A8-4583-B7D8-28E193D5287F}.Debug|x64.ActiveCfg = Debug|x64
		{C36C2313-72A8-4583-B7D8-28E193D5287F}.Debug|x64.Build.0 = Debug|x64
		{C36C2313-72A8-4583-B7D8-28E193D5287F}.Release|Win32.ActiveCfg = Release|Win32
		{C36C2313-72A8-4583-B7D8-28E193D5287F}.Release|Win32.Build.0 = Release|Win32
		{C36C2313-72A8-4583-B7D8-28E193D5287F}.Release|x64.ActiveCfg = Release|x64
		{C36C2313-72A8-4583-B7D8-28E193D5287F}.Release|x64.Build.0 = Release|x64
		{0520906F-4296-4BEC-BD5F-B370E1F7800A}.Debug|Win32.ActiveCfg = Debug|Win32
		{0520906F-4296-4BEC-BD5F-B370E1F7800A}.Debug|Win32.Build.0 = Debug|Win32
		{0520906F-4296-4BEC-BD5F-B370E1F7800A}.Debug|x64.ActiveCfg = Debug|x64
		{0520906F-4296-4BEC-BD5F-B370E1F7800A}.Debug|x64.Build.0 = Debug|x64
		{0520906F-4296-4BEC-BD5F-B370E1F7800A}.Release|Win32.ActiveCfg = Release|Win32
		{0520906F-4296-4BEC-BD5F-B370E1F7800A}.Release|Win32.Build.0 = Release|Win32
		{0520906F-4296-4BEC-BD5F-B370E1F7800A}.Release|x64.ActiveCfg = Release|x64
		{0520906F-4296-4BEC-BD5F-B370E1F7800A}.Release|x64.Build.0 = Release|x64
		{79774D44-ED2A-4FD2-9224-40AF0A590410}.Debug|Win32.ActiveCfg = Debug|Win32
		{79774D44-ED2A-4FD2-9224-40AF0A590410}.Debug|Win32.Build.0 = Debug|Win32
		{79774D44-ED2A-4FD2-9224-40AF0A590410}.Debug|x64.ActiveCfg = Debug|Win32
		{79774D44-ED2A-4FD2-9224-40AF0A590410}.Release|Win32.ActiveCfg = Release|Win32
		{79774D44-ED2A-4FD2-9224-40AF0A590410}.Release|Win32.Build.0 = Release|Win32
		{79774D44-ED2A-4FD2-9224-40AF0A590410}.Release|x64.ActiveCfg = Release|Win32
		{9EEA6D78-4E74-47B9-8746-B8754B15525D}.Debug|Win32.ActiveCfg = Debug|Win32
		{9EEA6D78-4E74-47B9-8746-B8754B15525D}.Debug|Win32.Build.0 = Debug|Win32
		{9EEA6D78-4E74-47B9-8746-B8754B15525D}.Debug|x64.ActiveCfg = Debug|Win32
		{9EEA6D78-4E74-47B9-8746-B8754B15525D}.Release|Win32.ActiveCfg = Release|Win32
		{9EEA6D78-4E74-47B9-8746-B8754B15525D}.Release|Win32.Build.0 = Release|Win32
		{9EEA6D78-4E74-47B9-8746-B8754B15525D}.Release|x64.ActiveCfg = Release|Win32
		{A94B6222-ABEF-41A0-BE48-06801157AAA5}.Debug|Win32.ActiveCfg = Debug|Win32
		{A94B6222-ABEF-41A0-BE48-06801157AAA5}.Debug|x64.ActiveCfg = Debug|Win32
		{A94B6222-ABEF-41A0-BE48-06801157AAA5}.Release|Win32.ActiveCfg = Release|Win32
		{A94B6222-ABEF-41A0-BE48-06801157AAA5}.Release|x64.ActiveCfg = Release|Win32
		{4506D672-19C3-439B-8E1B-F1BA8BE28844}.Debug|Win32.ActiveCfg = Debug|Win32
		{4506D672-19C3-439B-8E1B-F1BA8BE28844}.Debug|x64.ActiveCfg = Debug|x64
		{4506D672-19C3-439B-8E1B-F1BA8BE28844}.Release|Win32.ActiveCfg = Release|Win32
		{4506D672-19C3-439B-8E1B-F1BA8BE28844}.Release|x64.ActiveCfg = Release|x64
		{B00C9DA1-867E-4438-9C6E-1B53AE0506B7}.Debug|Win32.ActiveCfg = Debug|Win32
		{B00C9DA1-867E-4438-9C6E-1B53AE0506B7}.Debug|Win32.Build.0 = Debug|Win32
		{B00C9DA1-867E-4438-9C6E-1B53AE0506B7}.Debug|x64.ActiveCfg = Debug|x64
		{B00C9DA1-867E-4438-9C6E-1B53AE0506B7}.Debug|x64.Build.0 = Debug|x64
		{B00C9DA1-867E-4438-9C6E-1B53AE0506B7}.Release|Win32.ActiveCfg = Release|Win32
		{B00C9DA1-867E-4438-9C6E-1B53AE0506B7}.Release|Win32.Build.0 = Release|Win32
		{B00C9DA1-867E-4438-9C6E-1B53AE0506B7}.Release|x64.ActiveCfg = Release|x64
		{B00C9DA1-867E-4438-9C6E-1B53AE0506B7}.Release|x64.Build.0 = Release|x64
		{C2B5EC30-CF03-4963-B963-7576E9F1D01E}.Debug|Win32.ActiveCfg = Debug|Win32
		{C2B5EC30-CF03-4963-B963-7576E9F1D01E}.Debug|Win32.Build.0 = Debug|Win32
		{C2B5EC30-CF03-4963-B963-7576E9F1D01E}.Debug|x64.ActiveCfg = Debug|x64
		{C2B5EC30-CF03-4963-B963-7576E9F1D01E}.Debug|x64.Build.0 = Debug|x64
		{C2B5EC30-CF03-4963-B963-7576E9F1D01E}.Release|Win32.ActiveCfg = Release|Win32
		{C2B5EC30-CF03-4963-B963-7576E9F1D01E}.Release|Win32.Build.0 = Release|Win32
		{C2B5EC30-CF03-4963-B963-7576E9F1D01E}.Release|x64.ActiveCfg = Release|x64
		{C2B5EC30-CF03-4963-B963-7576E9F1D01E}.Release|x64.Build.0 = Release|x64
		{920BBB4D-C715-4CD4-9129-FF2CF941495D}.Debug|Win32.ActiveCfg = Debug|Win32
		{920BBB4D-C715-4CD4-9129-FF2CF941495D}.Debug|Win32.Build.0 = Debug|Win32
		{920BBB4D-C715-4CD4-9129-FF2CF941495D}.Debug|x64.ActiveCfg = Debug|x64
		{920BBB4D-C715-4CD4-9129-FF2CF941495D}.Debug|x64.Build.0 = Debug|x64
		{920BBB4D-C715-4CD4-9129-FF2CF941495D}.Release|Win32.ActiveCfg = Release|Win32
		{920BBB4D-C715-4CD4-9129-FF2CF941495D}.Release|Win32.Build.0 = Release|Win32
		{920BBB4D-C715-4CD4-9129-FF2CF941495D}.Release|x64.ActiveCfg = Release|x64
		{920BBB4D-C715-4CD4-9129-FF2CF941495D}.Release|x64.Build.0 = Release|x64
		{E468DA07-48EA-40EB-A845-FA69C39D3396}.Debug|Win32.ActiveCfg = Debug|Win32
		{E468DA07-48EA-40EB-A845-FA69C39D3396}.Debug|Win32.Build.0 = Debug|Win32
		{E468DA07-48EA-40EB-A845-FA69C39D3396}.Debug|x64.ActiveCfg = Debug|x64
		{E468DA07-48EA-40EB-A845-FA69C39D3396}.Debug|x64.Build.0 = Debug|x64
		{E468DA07-48EA-40EB-A845-FA69C39D3396}.Release|Win32.ActiveCfg = Release|Win32
		{E468DA07-48EA-40EB-A845-FA69C39D3396}.Release|Win32.Build.0 = Release|Win32
		{E468DA07-48EA-40EB-A845-FA69C39D3396}.Release|x64.ActiveCfg = Release|x64
		{E468DA07-48EA-40EB-A845-FA69C39D3396}.Release|x64.Build.0 = Release|x64
		{5EEACDD3-61B9-4E6A-BB47-5F37C03973C3}.Debug|Win32.ActiveCfg = Debug|Win32
		{5EEACDD3-61B9-4E6A-BB47-5F37C03973C3}.Debug|Win32.Build.0 = Debug|Win32
		{5EEACDD3-61B9-4E6A-BB47-5F37C03973C3}.Debug|x64.ActiveCfg = Debug|x64
		{5EEACDD3-61B9-4E6A-BB47-5F37C03973C3}.Debug|x64.Build.0 = Debug|x64
		{5EEACDD3-61B9-4E6A-BB47-5F37C03973C3}.Release|Win32.ActiveCfg = Release|Win32
		{5EEACDD3-61B9-4E6A-BB47-5F37C03973C3}.Release|Win32.Build.0 = Release|Win32
		{5EEACDD3-61B9-4E6A-BB47-5F37C03973C3}.Release|x64.ActiveCfg = Release|x64
		{5EEACDD3-61B9-4E6A-BB47-5F37C03973C3}.Release|x64.Build.0 = Release|x64
		{4CEF9C8E-91C8-4148-94B1-AF2A3B597762}.Debug|Win32.ActiveCfg = Debug|Win32
		{4CEF9C8E-91C8-4148-94B1-AF2A3B597762}.Debug|Win32.Build.0 = Debug|Win32
		{4CEF9C8E-91C8-4148-94B1-AF2A3B597762}.Debug|x64.ActiveCfg = Debug|x64
		{4CEF9C8E-91C8-4148-94B1-AF2A3B597762}.Debug|x64.Build.0 = Debug|x64
		{4CEF9C8E-91C8-4148-94B1-AF2A3B597762}.Release|Win32.ActiveCfg = Release|Win32
		{4CEF9C8E-91C8-4148-94B1-AF2A3B597762}.Release|Win32.Build.0 = Release|Win32
		{4CEF9C8E-91C8-4148-94B1-AF2A3B597762}.Release|x64.ActiveCfg = Release|x64
		{4CEF9C8E-91C8-4148-94B1-AF2A3B597762}.Release|x64.Build.0 = Release|x64
	EndGlobalSection
	GlobalSection(SolutionProperties) = preSolution
		HideSolutionNode = FALSE
	EndGlobalSection
	GlobalSection(ExtensibilityGlobals) = postSolution
		SolutionGuid = {C656F8F6-F616-40A9-9343-90FC1032D65C}
	EndGlobalSection
EndGlobal
